
Microsoft Visual Studio Solution File, Format Version 12.00
# Visual Studio Version 17
VisualStudioVersion = 17.4.33103.184
MinimumVisualStudioVersion = 10.0.40219.1
Project("{FAE04EC0-301F-11D3-BF4B-00C04F79EFBC}") = "WebAppW9Homework", "WebAppW9Homework.csproj", "{63850746-B2A8-4768-BCB6-1E2619C021A2}"
EndProject
Global
	GlobalSection(SolutionConfigurationPlatforms) = preSolution
		Debug|Any CPU = Debug|Any CPU
		Release|Any CPU = Release|Any CPU
	EndGlobalSection
	GlobalSection(ProjectConfigurationPlatforms) = postSolution
		{63850746-B2A8-4768-BCB6-1E2619C021A2}.Debug|Any CPU.ActiveCfg = Debug|Any CPU
		{63850746-B2A8-4768-BCB6-1E2619C021A2}.Debug|Any CPU.Build.0 = Debug|Any CPU
		{63850746-B2A8-4768-BCB6-1E2619C021A2}.Release|Any CPU.ActiveCfg = Release|Any CPU
		{63850746-B2A8-4768-BCB6-1E2619C021A2}.Release|Any CPU.Build.0 = Release|Any CPU
	EndGlobalSection
	GlobalSection(SolutionProperties) = preSolution
		HideSolutionNode = FALSE
	EndGlobalSection
	GlobalSection(ExtensibilityGlobals) = postSolution
		SolutionGuid = {35F01C71-E401-49DA-83AC-BDA467516E2A}
	EndGlobalSection
EndGlobal
